
Microsoft Visual Studio Solution File, Format Version 12.00
# Visual Studio 2013
VisualStudioVersion = 12.0.31101.0
MinimumVisualStudioVersion = 10.0.40219.1
Project("{FAE04EC0-301F-11D3-BF4B-00C04F79EFBC}") = "RoyNet.LoginServer", "RoyNet.LoginServer\RoyNet.LoginServer.csproj", "{FF00E0C0-E149-4896-AE58-3E9480C62904}"
EndProject
Project("{FAE04EC0-301F-11D3-BF4B-00C04F79EFBC}") = "Roynet.Test", "Roynet.Test\Roynet.Test.csproj", "{5B4E6696-F598-4CE5-A9E1-49A1AC0AB0BF}"
EndProject
Project("{FAE04EC0-301F-11D3-BF4B-00C04F79EFBC}") = "RoyNet.GateServer", "RoyNet.GateServer\RoyNet.GateServer.csproj", "{42FBDDEA-21AD-4C57-B22B-FB0927A9AC0D}"
EndProject
Project("{FAE04EC0-301F-11D3-BF4B-00C04F79EFBC}") = "RoyNet.GameServer", "RoyNet.GameServer\RoyNet.GameServer.csproj", "{5E0B5321-375F-40C3-A926-937628C9F9A6}"
EndProject
Project("{FAE04EC0-301F-11D3-BF4B-00C04F79EFBC}") = "RoyNet.Engine", "RoyNet.Engine\RoyNet.Engine.csproj", "{B81BBA90-2C4A-4370-8A95-5CB6BAD16B7F}"
EndProject
Global
	GlobalSection(SolutionConfigurationPlatforms) = preSolution
		Debug|Any CPU = Debug|Any CPU
		Release|Any CPU = Release|Any CPU
	EndGlobalSection
	GlobalSection(ProjectConfigurationPlatforms) = postSolution
		{FF00E0C0-E149-4896-AE58-3E9480C62904}.Debug|Any CPU.ActiveCfg = Debug|Any CPU
		{FF00E0C0-E149-4896-AE58-3E9480C62904}.Debug|Any CPU.Build.0 = Debug|Any CPU
		{FF00E0C0-E149-4896-AE58-3E9480C62904}.Release|Any CPU.ActiveCfg = Release|Any CPU
		{FF00E0C0-E149-4896-AE58-3E9480C62904}.Release|Any CPU.Build.0 = Release|Any CPU
		{5B4E6696-F598-4CE5-A9E1-49A1AC0AB0BF}.Debug|Any CPU.ActiveCfg = Debug|Any CPU
		{5B4E6696-F598-4CE5-A9E1-49A1AC0AB0BF}.Debug|Any CPU.Build.0 = Debug|Any CPU
		{5B4E6696-F598-4CE5-A9E1-49A1AC0AB0BF}.Release|Any CPU.ActiveCfg = Release|Any CPU
		{5B4E6696-F598-4CE5-A9E1-49A1AC0AB0BF}.Release|Any CPU.Build.0 = Release|Any CPU
		{42FBDDEA-21AD-4C57-B22B-FB0927A9AC0D}.Debug|Any CPU.ActiveCfg = Debug|Any CPU
		{42FBDDEA-21AD-4C57-B22B-FB0927A9AC0D}.Debug|Any CPU.Build.0 = Debug|Any CPU
		{42FBDDEA-21AD-4C57-B22B-FB0927A9AC0D}.Release|Any CPU.ActiveCfg = Release|Any CPU
		{42FBDDEA-21AD-4C57-B22B-FB0927A9AC0D}.Release|Any CPU.Build.0 = Release|Any CPU
		{5E0B5321-375F-40C3-A926-937628C9F9A6}.Debug|Any CPU.ActiveCfg = Debug|Any CPU
		{5E0B5321-375F-40C3-A926-937628C9F9A6}.Debug|Any CPU.Build.0 = Debug|Any CPU
		{5E0B5321-375F-40C3-A926-937628C9F9A6}.Release|Any CPU.ActiveCfg = Release|Any CPU
		{5E0B5321-375F-40C3-A926-937628C9F9A6}.Release|Any CPU.Build.0 = Release|Any CPU
		{B81BBA90-2C4A-4370-8A95-5CB6BAD16B7F}.Debug|Any CPU.ActiveCfg = Debug|Any CPU
		{B81BBA90-2C4A-4370-8A95-5CB6BAD16B7F}.Debug|Any CPU.Build.0 = Debug|Any CPU
		{B81BBA90-2C4A-4370-8A95-5CB6BAD16B7F}.Release|Any CPU.ActiveCfg = Release|Any CPU
		{B81BBA90-2C4A-4370-8A95-5CB6BAD16B7F}.Release|Any CPU.Build.0 = Release|Any CPU
	EndGlobalSection
	GlobalSection(SolutionProperties) = preSolution
		HideSolutionNode = FALSE
	EndGlobalSection
EndGlobal
